
Microsoft Visual Studio Solution File, Format Version 12.00
# Visual Studio Version 16
VisualStudioVersion = 16.0.31424.327
MinimumVisualStudioVersion = 10.0.40219.1
Project("{FAE04EC0-301F-11D3-BF4B-00C04F79EFBC}") = "BlackJack", "BlackJack\BlackJack.csproj", "{1BA84E3D-9467-4F9F-AA26-0A343F6CDF55}"
EndProject
Global
	GlobalSection(SolutionConfigurationPlatforms) = preSolution
		Debug|Any CPU = Debug|Any CPU
		Release|Any CPU = Release|Any CPU
	EndGlobalSection
	GlobalSection(ProjectConfigurationPlatforms) = postSolution
		{1BA84E3D-9467-4F9F-AA26-0A343F6CDF55}.Debug|Any CPU.ActiveCfg = Debug|Any CPU
		{1BA84E3D-9467-4F9F-AA26-0A343F6CDF55}.Debug|Any CPU.Build.0 = Debug|Any CPU
		{1BA84E3D-9467-4F9F-AA26-0A343F6CDF55}.Release|Any CPU.ActiveCfg = Release|Any CPU
		{1BA84E3D-9467-4F9F-AA26-0A343F6CDF55}.Release|Any CPU.Build.0 = Release|Any CPU
	EndGlobalSection
	GlobalSection(SolutionProperties) = preSolution
		HideSolutionNode = FALSE
	EndGlobalSection
	GlobalSection(ExtensibilityGlobals) = postSolution
		SolutionGuid = {E7C62649-2D24-4C4F-8ED0-A455EF6B34BA}
	EndGlobalSection
EndGlobal
